{
  "ENV.delete(\"MAX_ROWS\")\nENV[\"K_SOUP_COV_TURBO_TESTS\"] = \"false\"": [
    {
      "file": "spec/spec_helper.rb",
      "lines": [
        154,
        181,
        188
      ]
    }
  ],
  "ENV[\"K_SOUP_COV_TURBO_TESTS\"] = \"false\"\nENV[\"TEST_ENV_NUMBER\"] = \"\"": [
    {
      "file": "spec/spec_helper.rb",
      "lines": [
        182,
        189
      ]
    }
  ],
  "ENV[\"K_SOUP_COV_TURBO_TESTS\"] = \"false\"\nreset_soup_cover_constants": [
    {
      "file": "spec/spec_helper.rb",
      "lines": [
        141,
        155
      ]
    }
  ],
  "ENV[\"K_SOUP_COV_TURBO_TESTS\"] = \"true\"\nreset_soup_cover_constants": [
    {
      "file": "spec/spec_helper.rb",
      "lines": [
        137,
        145
      ]
    }
  ],
  "Rake.application[\"coverage\"].reenable\nRake.application[\"test\"].reenable": [
    {
      "file": "spec/spec_helper.rb",
      "lines": [
        166,
        173
      ]
    }
  ],
  "Rake.application[\"test\"].reenable\nRake.application[\"coverage\"].invoke": [
    {
      "file": "spec/spec_helper.rb",
      "lines": [
        167,
        174
      ]
    }
  ],
  "appraisal: \"dep-heads\"\nexec_cmd: \"kettle-test\"": [
    {
      "file": ".github/workflows/dep-heads.yml",
      "lines": [
        43,
        97,
        151
      ]
    }
  ],
  "appraisal: \"head\"\nexec_cmd: \"kettle-test\"": [
    {
      "file": ".github/workflows/heads.yml",
      "lines": [
        43,
        104,
        162
      ]
    }
  ],
  "exec_cmd: \"kettle-test\"\n# Run directly from the generated appraisal Gemfile so setup-ruby": [
    {
      "file": ".github/workflows/dep-heads.yml",
      "lines": [
        44,
        98,
        152
      ]
    }
  ],
  "exec_cmd: \"kettle-test\"\nrubygems: default": [
    {
      "file": ".github/workflows/heads.yml",
      "lines": [
        44,
        105,
        163
      ]
    }
  ],
  "reset_soup_cover_constants\nRake.application[\"coverage\"].reenable": [
    {
      "file": "spec/spec_helper.rb",
      "lines": [
        165,
        172
      ]
    }
  ]
}
