{
  "gemfiles/modular/templating.gemfile:3018447732": [
    [14, 3, 47, "Bundler/DuplicatedGem: Gem `tree_sitter_language_pack` requirements already given on line 10 of the Gemfile.", 3843603197]
  ],
  "spec/kettle/soup/cover_spec.rb:1316852548": [
    [294, 11, 137, "RSpec/Output: Do not write to stdout in specs.", 3526369885],
    [296, 11, 39, "RSpec/Output: Do not write to stdout in specs.", 3454883721],
    [297, 11, 51, "RSpec/Output: Do not write to stdout in specs.", 2780377567]
  ]
}
